<Solution>
  <Project Path="guessNum/guessNum.csproj" />
  <Project Path="one.replace/one.replace.csproj" />
  <Project Path="taxDecimal/taxDecimal.csproj" Id="30e908b4-19d6-46aa-b34d-ee76feabe042" />
  <Project Path="temperature/temperature.csproj" />
  <Project Path="Vocabularynum/Vocabularynum.csproj" />
</Solution>
